
Microsoft Visual Studio Solution File, Format Version 12.00
# Visual Studio Version 17
VisualStudioVersion = 17.7.34202.233
MinimumVisualStudioVersion = 10.0.40219.1
Project("{FAE04EC0-301F-11D3-BF4B-00C04F79EFBC}") = "OnionCrafter.Service.Extension.DependencyInjection", "src\OnionCrafter.Service.Extension.DependencyInjection\OnionCrafter.Service.Extension.DependencyInjection.csproj", "{84440E1C-EE02-4CB4-AE81-77DBC8973B37}"
EndProject
Global
	GlobalSection(SolutionConfigurationPlatforms) = preSolution
		Debug|Any CPU = Debug|Any CPU
		Release|Any CPU = Release|Any CPU
	EndGlobalSection
	GlobalSection(ProjectConfigurationPlatforms) = postSolution
		{84440E1C-EE02-4CB4-AE81-77DBC8973B37}.Debug|Any CPU.ActiveCfg = Debug|Any CPU
		{84440E1C-EE02-4CB4-AE81-77DBC8973B37}.Debug|Any CPU.Build.0 = Debug|Any CPU
		{84440E1C-EE02-4CB4-AE81-77DBC8973B37}.Release|Any CPU.ActiveCfg = Release|Any CPU
		{84440E1C-EE02-4CB4-AE81-77DBC8973B37}.Release|Any CPU.Build.0 = Release|Any CPU
	EndGlobalSection
	GlobalSection(SolutionProperties) = preSolution
		HideSolutionNode = FALSE
	EndGlobalSection
	GlobalSection(ExtensibilityGlobals) = postSolution
		SolutionGuid = {06E9271D-63FF-41FF-BB15-848C14AF5229}
	EndGlobalSection
EndGlobal
